{
  "name": "noisylines",
  "version": "1.0.0",
  "lockfileVersion": 2,
  "requires": true,
  "packages": {
    "": {
      "version": "1.0.0",
      "license": "MIT",
      "dependencies": {
        "@anvaka/streamlines": "^1.3.0"
      }
    },
    "node_modules/@anvaka/streamlines": {
      "version": "1.3.0",
      "resolved": "https://registry.npmjs.org/@anvaka/streamlines/-/streamlines-1.3.0.tgz",
      "integrity": "sha512-E0+yxzphS4MzpP/RdjCDtagHVVzTnVwclkWL642a5J0NbSoHCgF8UFHd6a9WUPc8Z9ac5r4mwlzWol9e0vDXuw=="
    }
  },
  "dependencies": {
    "@anvaka/streamlines": {
      "version": "1.3.0",
      "resolved": "https://registry.npmjs.org/@anvaka/streamlines/-/streamlines-1.3.0.tgz",
      "integrity": "sha512-E0+yxzphS4MzpP/RdjCDtagHVVzTnVwclkWL642a5J0NbSoHCgF8UFHd6a9WUPc8Z9ac5r4mwlzWol9e0vDXuw=="
    }
  }
}
