{
  "name": "noisylines",
  "version": "1.0.0",
  "lockfileVersion": 2,
  "requires": true,
  "packages": {
    "": {
      "version": "1.0.0",
      "license": "MIT",
      "dependencies": {
        "@anvaka/streamlines": "^1.5.0"
      }
    },
    "node_modules/@anvaka/streamlines": {
      "version": "1.5.0",
      "resolved": "https://registry.npmjs.org/@anvaka/streamlines/-/streamlines-1.5.0.tgz",
      "integrity": "sha512-WLqUw1JOKWgFr95SL02ZaRrwW2QYARo0kISNAkpYU68quG//a2uO0KqV6ACcmuq+9U4TWNyEiz0xrR3iPqyOng=="
    }
  },
  "dependencies": {
    "@anvaka/streamlines": {
      "version": "1.5.0",
      "resolved": "https://registry.npmjs.org/@anvaka/streamlines/-/streamlines-1.5.0.tgz",
      "integrity": "sha512-WLqUw1JOKWgFr95SL02ZaRrwW2QYARo0kISNAkpYU68quG//a2uO0KqV6ACcmuq+9U4TWNyEiz0xrR3iPqyOng=="
    }
  }
}
